
Microsoft Visual Studio Solution File, Format Version 12.00
# Visual Studio Version 16
VisualStudioVersion = 16.0.30413.136
MinimumVisualStudioVersion = 10.0.40219.1
Project("{9A19103F-16F7-4668-BE54-9A1E7A4F7556}") = "EventManagement.Data", "EventManagement.Data\EventManagement.Data.csproj", "{467BA93E-DEBE-46C4-861C-91416AEBD471}"
EndProject
Project("{9A19103F-16F7-4668-BE54-9A1E7A4F7556}") = "EventManagement.Repository", "EventManagement.Repository\EventManagement.Repository.csproj", "{A491F221-DC08-4657-A4D7-7B9EFF79BCC6}"
EndProject
Project("{9A19103F-16F7-4668-BE54-9A1E7A4F7556}") = "EventManagement.Logic", "EventManagement.Logic\EventManagement.Logic.csproj", "{48237983-18C9-488C-BA60-434254AFB60B}"
EndProject
Project("{9A19103F-16F7-4668-BE54-9A1E7A4F7556}") = "EventManagement.WPF", "EventManagement.WPF\EventManagement.WPF.csproj", "{C7668A3C-5AF6-48EC-B5BB-175FFF6FCB93}"
EndProject
Project("{FAE04EC0-301F-11D3-BF4B-00C04F79EFBC}") = "EventManagement.Web", "EventManagement.Web\EventManagement.Web.csproj", "{E19E3807-E493-4DEF-AE0C-4F5F0A349ED6}"
EndProject
Global
	GlobalSection(SolutionConfigurationPlatforms) = preSolution
		Debug|Any CPU = Debug|Any CPU
		Release|Any CPU = Release|Any CPU
	EndGlobalSection
	GlobalSection(ProjectConfigurationPlatforms) = postSolution
		{467BA93E-DEBE-46C4-861C-91416AEBD471}.Debug|Any CPU.ActiveCfg = Debug|Any CPU
		{467BA93E-DEBE-46C4-861C-91416AEBD471}.Debug|Any CPU.Build.0 = Debug|Any CPU
		{467BA93E-DEBE-46C4-861C-91416AEBD471}.Release|Any CPU.ActiveCfg = Release|Any CPU
		{467BA93E-DEBE-46C4-861C-91416AEBD471}.Release|Any CPU.Build.0 = Release|Any CPU
		{A491F221-DC08-4657-A4D7-7B9EFF79BCC6}.Debug|Any CPU.ActiveCfg = Debug|Any CPU
		{A491F221-DC08-4657-A4D7-7B9EFF79BCC6}.Debug|Any CPU.Build.0 = Debug|Any CPU
		{A491F221-DC08-4657-A4D7-7B9EFF79BCC6}.Release|Any CPU.ActiveCfg = Release|Any CPU
		{A491F221-DC08-4657-A4D7-7B9EFF79BCC6}.Release|Any CPU.Build.0 = Release|Any CPU
		{48237983-18C9-488C-BA60-434254AFB60B}.Debug|Any CPU.ActiveCfg = Debug|Any CPU
		{48237983-18C9-488C-BA60-434254AFB60B}.Debug|Any CPU.Build.0 = Debug|Any CPU
		{48237983-18C9-488C-BA60-434254AFB60B}.Release|Any CPU.ActiveCfg = Release|Any CPU
		{48237983-18C9-488C-BA60-434254AFB60B}.Release|Any CPU.Build.0 = Release|Any CPU
		{C7668A3C-5AF6-48EC-B5BB-175FFF6FCB93}.Debug|Any CPU.ActiveCfg = Debug|Any CPU
		{C7668A3C-5AF6-48EC-B5BB-175FFF6FCB93}.Debug|Any CPU.Build.0 = Debug|Any CPU
		{C7668A3C-5AF6-48EC-B5BB-175FFF6FCB93}.Release|Any CPU.ActiveCfg = Release|Any CPU
		{C7668A3C-5AF6-48EC-B5BB-175FFF6FCB93}.Release|Any CPU.Build.0 = Release|Any CPU
		{E19E3807-E493-4DEF-AE0C-4F5F0A349ED6}.Debug|Any CPU.ActiveCfg = Debug|Any CPU
		{E19E3807-E493-4DEF-AE0C-4F5F0A349ED6}.Debug|Any CPU.Build.0 = Debug|Any CPU
		{E19E3807-E493-4DEF-AE0C-4F5F0A349ED6}.Release|Any CPU.ActiveCfg = Release|Any CPU
		{E19E3807-E493-4DEF-AE0C-4F5F0A349ED6}.Release|Any CPU.Build.0 = Release|Any CPU
	EndGlobalSection
	GlobalSection(SolutionProperties) = preSolution
		HideSolutionNode = FALSE
	EndGlobalSection
	GlobalSection(ExtensibilityGlobals) = postSolution
		SolutionGuid = {66CF4024-A388-438D-9CFF-72850330ECB0}
	EndGlobalSection
EndGlobal
